
Microsoft Visual Studio Solution File, Format Version 12.00
# Visual Studio Version 17
VisualStudioVersion = 17.0.31903.59
MinimumVisualStudioVersion = 10.0.40219.1
Project("{2150E333-8FDC-42A3-9474-1A3956D46DE8}") = "src", "src", "{827E0CD3-B72D-47B6-A68D-7590B98EB39B}"
EndProject
Project("{FAE04EC0-301F-11D3-BF4B-00C04F79EFBC}") = "WindowsAiAssistant.App", "src\WindowsAiAssistant.App\WindowsAiAssistant.App.csproj", "{095AB54B-8F95-4F03-B85C-FC52BA4E1734}"
EndProject
Project("{FAE04EC0-301F-11D3-BF4B-00C04F79EFBC}") = "WindowsAiAssistant.Runtime", "src\WindowsAiAssistant.Runtime\WindowsAiAssistant.Runtime.csproj", "{D1D59528-C1E5-4B6F-9338-3D9DE99D8BC2}"
EndProject
Project("{FAE04EC0-301F-11D3-BF4B-00C04F79EFBC}") = "WindowsAiAssistant.Agent", "src\WindowsAiAssistant.Agent\WindowsAiAssistant.Agent.csproj", "{7467F68A-1D46-4C10-B7FA-6BCC960563E4}"
EndProject
Global
	GlobalSection(SolutionConfigurationPlatforms) = preSolution
		Debug|Any CPU = Debug|Any CPU
		Debug|x64 = Debug|x64
		Debug|x86 = Debug|x86
		Release|Any CPU = Release|Any CPU
		Release|x64 = Release|x64
		Release|x86 = Release|x86
	EndGlobalSection
	GlobalSection(ProjectConfigurationPlatforms) = postSolution
		{095AB54B-8F95-4F03-B85C-FC52BA4E1734}.Debug|Any CPU.ActiveCfg = Debug|Any CPU
		{095AB54B-8F95-4F03-B85C-FC52BA4E1734}.Debug|Any CPU.Build.0 = Debug|Any CPU
		{095AB54B-8F95-4F03-B85C-FC52BA4E1734}.Debug|x64.ActiveCfg = Debug|Any CPU
		{095AB54B-8F95-4F03-B85C-FC52BA4E1734}.Debug|x64.Build.0 = Debug|Any CPU
		{095AB54B-8F95-4F03-B85C-FC52BA4E1734}.Debug|x86.ActiveCfg = Debug|Any CPU
		{095AB54B-8F95-4F03-B85C-FC52BA4E1734}.Debug|x86.Build.0 = Debug|Any CPU
		{095AB54B-8F95-4F03-B85C-FC52BA4E1734}.Release|Any CPU.ActiveCfg = Release|Any CPU
		{095AB54B-8F95-4F03-B85C-FC52BA4E1734}.Release|Any CPU.Build.0 = Release|Any CPU
		{095AB54B-8F95-4F03-B85C-FC52BA4E1734}.Release|x64.ActiveCfg = Release|Any CPU
		{095AB54B-8F95-4F03-B85C-FC52BA4E1734}.Release|x64.Build.0 = Release|Any CPU
		{095AB54B-8F95-4F03-B85C-FC52BA4E1734}.Release|x86.ActiveCfg = Release|Any CPU
		{095AB54B-8F95-4F03-B85C-FC52BA4E1734}.Release|x86.Build.0 = Release|Any CPU
		{D1D59528-C1E5-4B6F-9338-3D9DE99D8BC2}.Debug|Any CPU.ActiveCfg = Debug|Any CPU
		{D1D59528-C1E5-4B6F-9338-3D9DE99D8BC2}.Debug|Any CPU.Build.0 = Debug|Any CPU
		{D1D59528-C1E5-4B6F-9338-3D9DE99D8BC2}.Debug|x64.ActiveCfg = Debug|Any CPU
		{D1D59528-C1E5-4B6F-9338-3D9DE99D8BC2}.Debug|x64.Build.0 = Debug|Any CPU
		{D1D59528-C1E5-4B6F-9338-3D9DE99D8BC2}.Debug|x86.ActiveCfg = Debug|Any CPU
		{D1D59528-C1E5-4B6F-9338-3D9DE99D8BC2}.Debug|x86.Build.0 = Debug|Any CPU
		{D1D59528-C1E5-4B6F-9338-3D9DE99D8BC2}.Release|Any CPU.ActiveCfg = Release|Any CPU
		{D1D59528-C1E5-4B6F-9338-3D9DE99D8BC2}.Release|Any CPU.Build.0 = Release|Any CPU
		{D1D59528-C1E5-4B6F-9338-3D9DE99D8BC2}.Release|x64.ActiveCfg = Release|Any CPU
		{D1D59528-C1E5-4B6F-9338-3D9DE99D8BC2}.Release|x64.Build.0 = Release|Any CPU
		{D1D59528-C1E5-4B6F-9338-3D9DE99D8BC2}.Release|x86.ActiveCfg = Release|Any CPU
		{D1D59528-C1E5-4B6F-9338-3D9DE99D8BC2}.Release|x86.Build.0 = Release|Any CPU
		{7467F68A-1D46-4C10-B7FA-6BCC960563E4}.Debug|Any CPU.ActiveCfg = Debug|Any CPU
		{7467F68A-1D46-4C10-B7FA-6BCC960563E4}.Debug|Any CPU.Build.0 = Debug|Any CPU
		{7467F68A-1D46-4C10-B7FA-6BCC960563E4}.Debug|x64.ActiveCfg = Debug|Any CPU
		{7467F68A-1D46-4C10-B7FA-6BCC960563E4}.Debug|x64.Build.0 = Debug|Any CPU
		{7467F68A-1D46-4C10-B7FA-6BCC960563E4}.Debug|x86.ActiveCfg = Debug|Any CPU
		{7467F68A-1D46-4C10-B7FA-6BCC960563E4}.Debug|x86.Build.0 = Debug|Any CPU
		{7467F68A-1D46-4C10-B7FA-6BCC960563E4}.Release|Any CPU.ActiveCfg = Release|Any CPU
		{7467F68A-1D46-4C10-B7FA-6BCC960563E4}.Release|Any CPU.Build.0 = Release|Any CPU
		{7467F68A-1D46-4C10-B7FA-6BCC960563E4}.Release|x64.ActiveCfg = Release|Any CPU
		{7467F68A-1D46-4C10-B7FA-6BCC960563E4}.Release|x64.Build.0 = Release|Any CPU
		{7467F68A-1D46-4C10-B7FA-6BCC960563E4}.Release|x86.ActiveCfg = Release|Any CPU
		{7467F68A-1D46-4C10-B7FA-6BCC960563E4}.Release|x86.Build.0 = Release|Any CPU
	EndGlobalSection
	GlobalSection(SolutionProperties) = preSolution
		HideSolutionNode = FALSE
	EndGlobalSection
	GlobalSection(NestedProjects) = preSolution
		{095AB54B-8F95-4F03-B85C-FC52BA4E1734} = {827E0CD3-B72D-47B6-A68D-7590B98EB39B}
		{D1D59528-C1E5-4B6F-9338-3D9DE99D8BC2} = {827E0CD3-B72D-47B6-A68D-7590B98EB39B}
		{7467F68A-1D46-4C10-B7FA-6BCC960563E4} = {827E0CD3-B72D-47B6-A68D-7590B98EB39B}
	EndGlobalSection
EndGlobal
