
Microsoft Visual Studio Solution File, Format Version 12.00
# Visual Studio Version 17
VisualStudioVersion = 17.0.31903.59
MinimumVisualStudioVersion = 10.0.40219.1
Project("{2150E333-8FDC-42A3-9474-1A3956D46DE8}") = "src", "src", "{827E0CD3-B72D-47B6-A68D-7590B98EB39B}"
EndProject
Project("{FAE04EC0-301F-11D3-BF4B-00C04F79EFBC}") = "WindowsAiAssistant.App", "src\WindowsAiAssistant.App\WindowsAiAssistant.App.csproj", "{095AB54B-8F95-4F03-B85C-FC52BA4E1734}"
EndProject
Project("{FAE04EC0-301F-11D3-BF4B-00C04F79EFBC}") = "WindowsAiAssistant.Core", "src\WindowsAiAssistant.Core\WindowsAiAssistant.Core.csproj", "{0FB380C4-ACAE-4110-B32E-AB26613019BC}"
EndProject
Project("{FAE04EC0-301F-11D3-BF4B-00C04F79EFBC}") = "WindowsAiAssistant.Contracts", "src\WindowsAiAssistant.Contracts\WindowsAiAssistant.Contracts.csproj", "{2C707E7D-397F-4E26-9A1F-2056EC8C0563}"
EndProject
Project("{FAE04EC0-301F-11D3-BF4B-00C04F79EFBC}") = "WindowsAiAssistant.Infrastructure", "src\WindowsAiAssistant.Infrastructure\WindowsAiAssistant.Infrastructure.csproj", "{4F0C739E-C50B-456A-AAFB-BC77D06392D5}"
EndProject
Project("{2150E333-8FDC-42A3-9474-1A3956D46DE8}") = "tests", "tests", "{0AB3BF05-4346-4AA6-1389-037BE0695223}"
EndProject
Project("{FAE04EC0-301F-11D3-BF4B-00C04F79EFBC}") = "WindowsAiAssistant.Tests", "tests\WindowsAiAssistant.Tests\WindowsAiAssistant.Tests.csproj", "{54F68C34-6EB3-4926-8EF4-3B09AB529429}"
EndProject
Global
	GlobalSection(SolutionConfigurationPlatforms) = preSolution
		Debug|Any CPU = Debug|Any CPU
		Debug|x64 = Debug|x64
		Debug|x86 = Debug|x86
		Release|Any CPU = Release|Any CPU
		Release|x64 = Release|x64
		Release|x86 = Release|x86
	EndGlobalSection
	GlobalSection(ProjectConfigurationPlatforms) = postSolution
		{095AB54B-8F95-4F03-B85C-FC52BA4E1734}.Debug|Any CPU.ActiveCfg = Debug|Any CPU
		{095AB54B-8F95-4F03-B85C-FC52BA4E1734}.Debug|Any CPU.Build.0 = Debug|Any CPU
		{095AB54B-8F95-4F03-B85C-FC52BA4E1734}.Debug|x64.ActiveCfg = Debug|Any CPU
		{095AB54B-8F95-4F03-B85C-FC52BA4E1734}.Debug|x64.Build.0 = Debug|Any CPU
		{095AB54B-8F95-4F03-B85C-FC52BA4E1734}.Debug|x86.ActiveCfg = Debug|Any CPU
		{095AB54B-8F95-4F03-B85C-FC52BA4E1734}.Debug|x86.Build.0 = Debug|Any CPU
		{095AB54B-8F95-4F03-B85C-FC52BA4E1734}.Release|Any CPU.ActiveCfg = Release|Any CPU
		{095AB54B-8F95-4F03-B85C-FC52BA4E1734}.Release|Any CPU.Build.0 = Release|Any CPU
		{095AB54B-8F95-4F03-B85C-FC52BA4E1734}.Release|x64.ActiveCfg = Release|Any CPU
		{095AB54B-8F95-4F03-B85C-FC52BA4E1734}.Release|x64.Build.0 = Release|Any CPU
		{095AB54B-8F95-4F03-B85C-FC52BA4E1734}.Release|x86.ActiveCfg = Release|Any CPU
		{095AB54B-8F95-4F03-B85C-FC52BA4E1734}.Release|x86.Build.0 = Release|Any CPU
		{0FB380C4-ACAE-4110-B32E-AB26613019BC}.Debug|Any CPU.ActiveCfg = Debug|Any CPU
		{0FB380C4-ACAE-4110-B32E-AB26613019BC}.Debug|Any CPU.Build.0 = Debug|Any CPU
		{0FB380C4-ACAE-4110-B32E-AB26613019BC}.Debug|x64.ActiveCfg = Debug|Any CPU
		{0FB380C4-ACAE-4110-B32E-AB26613019BC}.Debug|x64.Build.0 = Debug|Any CPU
		{0FB380C4-ACAE-4110-B32E-AB26613019BC}.Debug|x86.ActiveCfg = Debug|Any CPU
		{0FB380C4-ACAE-4110-B32E-AB26613019BC}.Debug|x86.Build.0 = Debug|Any CPU
		{0FB380C4-ACAE-4110-B32E-AB26613019BC}.Release|Any CPU.ActiveCfg = Release|Any CPU
		{0FB380C4-ACAE-4110-B32E-AB26613019BC}.Release|Any CPU.Build.0 = Release|Any CPU
		{0FB380C4-ACAE-4110-B32E-AB26613019BC}.Release|x64.ActiveCfg = Release|Any CPU
		{0FB380C4-ACAE-4110-B32E-AB26613019BC}.Release|x64.Build.0 = Release|Any CPU
		{0FB380C4-ACAE-4110-B32E-AB26613019BC}.Release|x86.ActiveCfg = Release|Any CPU
		{0FB380C4-ACAE-4110-B32E-AB26613019BC}.Release|x86.Build.0 = Release|Any CPU
		{2C707E7D-397F-4E26-9A1F-2056EC8C0563}.Debug|Any CPU.ActiveCfg = Debug|Any CPU
		{2C707E7D-397F-4E26-9A1F-2056EC8C0563}.Debug|Any CPU.Build.0 = Debug|Any CPU
		{2C707E7D-397F-4E26-9A1F-2056EC8C0563}.Debug|x64.ActiveCfg = Debug|Any CPU
		{2C707E7D-397F-4E26-9A1F-2056EC8C0563}.Debug|x64.Build.0 = Debug|Any CPU
		{2C707E7D-397F-4E26-9A1F-2056EC8C0563}.Debug|x86.ActiveCfg = Debug|Any CPU
		{2C707E7D-397F-4E26-9A1F-2056EC8C0563}.Debug|x86.Build.0 = Debug|Any CPU
		{2C707E7D-397F-4E26-9A1F-2056EC8C0563}.Release|Any CPU.ActiveCfg = Release|Any CPU
		{2C707E7D-397F-4E26-9A1F-2056EC8C0563}.Release|Any CPU.Build.0 = Release|Any CPU
		{2C707E7D-397F-4E26-9A1F-2056EC8C0563}.Release|x64.ActiveCfg = Release|Any CPU
		{2C707E7D-397F-4E26-9A1F-2056EC8C0563}.Release|x64.Build.0 = Release|Any CPU
		{2C707E7D-397F-4E26-9A1F-2056EC8C0563}.Release|x86.ActiveCfg = Release|Any CPU
		{2C707E7D-397F-4E26-9A1F-2056EC8C0563}.Release|x86.Build.0 = Release|Any CPU
		{4F0C739E-C50B-456A-AAFB-BC77D06392D5}.Debug|Any CPU.ActiveCfg = Debug|Any CPU
		{4F0C739E-C50B-456A-AAFB-BC77D06392D5}.Debug|Any CPU.Build.0 = Debug|Any CPU
		{4F0C739E-C50B-456A-AAFB-BC77D06392D5}.Debug|x64.ActiveCfg = Debug|Any CPU
		{4F0C739E-C50B-456A-AAFB-BC77D06392D5}.Debug|x64.Build.0 = Debug|Any CPU
		{4F0C739E-C50B-456A-AAFB-BC77D06392D5}.Debug|x86.ActiveCfg = Debug|Any CPU
		{4F0C739E-C50B-456A-AAFB-BC77D06392D5}.Debug|x86.Build.0 = Debug|Any CPU
		{4F0C739E-C50B-456A-AAFB-BC77D06392D5}.Release|Any CPU.ActiveCfg = Release|Any CPU
		{4F0C739E-C50B-456A-AAFB-BC77D06392D5}.Release|Any CPU.Build.0 = Release|Any CPU
		{4F0C739E-C50B-456A-AAFB-BC77D06392D5}.Release|x64.ActiveCfg = Release|Any CPU
		{4F0C739E-C50B-456A-AAFB-BC77D06392D5}.Release|x64.Build.0 = Release|Any CPU
		{4F0C739E-C50B-456A-AAFB-BC77D06392D5}.Release|x86.ActiveCfg = Release|Any CPU
		{4F0C739E-C50B-456A-AAFB-BC77D06392D5}.Release|x86.Build.0 = Release|Any CPU
		{54F68C34-6EB3-4926-8EF4-3B09AB529429}.Debug|Any CPU.ActiveCfg = Debug|Any CPU
		{54F68C34-6EB3-4926-8EF4-3B09AB529429}.Debug|Any CPU.Build.0 = Debug|Any CPU
		{54F68C34-6EB3-4926-8EF4-3B09AB529429}.Debug|x64.ActiveCfg = Debug|Any CPU
		{54F68C34-6EB3-4926-8EF4-3B09AB529429}.Debug|x64.Build.0 = Debug|Any CPU
		{54F68C34-6EB3-4926-8EF4-3B09AB529429}.Debug|x86.ActiveCfg = Debug|Any CPU
		{54F68C34-6EB3-4926-8EF4-3B09AB529429}.Debug|x86.Build.0 = Debug|Any CPU
		{54F68C34-6EB3-4926-8EF4-3B09AB529429}.Release|Any CPU.ActiveCfg = Release|Any CPU
		{54F68C34-6EB3-4926-8EF4-3B09AB529429}.Release|Any CPU.Build.0 = Release|Any CPU
		{54F68C34-6EB3-4926-8EF4-3B09AB529429}.Release|x64.ActiveCfg = Release|Any CPU
		{54F68C34-6EB3-4926-8EF4-3B09AB529429}.Release|x64.Build.0 = Release|Any CPU
		{54F68C34-6EB3-4926-8EF4-3B09AB529429}.Release|x86.ActiveCfg = Release|Any CPU
		{54F68C34-6EB3-4926-8EF4-3B09AB529429}.Release|x86.Build.0 = Release|Any CPU
	EndGlobalSection
	GlobalSection(SolutionProperties) = preSolution
		HideSolutionNode = FALSE
	EndGlobalSection
	GlobalSection(NestedProjects) = preSolution
		{095AB54B-8F95-4F03-B85C-FC52BA4E1734} = {827E0CD3-B72D-47B6-A68D-7590B98EB39B}
		{0FB380C4-ACAE-4110-B32E-AB26613019BC} = {827E0CD3-B72D-47B6-A68D-7590B98EB39B}
		{2C707E7D-397F-4E26-9A1F-2056EC8C0563} = {827E0CD3-B72D-47B6-A68D-7590B98EB39B}
		{4F0C739E-C50B-456A-AAFB-BC77D06392D5} = {827E0CD3-B72D-47B6-A68D-7590B98EB39B}
		{54F68C34-6EB3-4926-8EF4-3B09AB529429} = {0AB3BF05-4346-4AA6-1389-037BE0695223}
	EndGlobalSection
EndGlobal
